
Microsoft Visual Studio Solution File, Format Version 12.00
# Visual Studio Version 16
VisualStudioVersion = 16.0.31321.278
MinimumVisualStudioVersion = 10.0.40219.1
Project("{FAE04EC0-301F-11D3-BF4B-00C04F79EFBC}") = "Tarifa", "Tarifa\Tarifa.csproj", "{D5A3E5E0-EFF1-4CEF-A053-23B92D925463}"
EndProject
Global
	GlobalSection(SolutionConfigurationPlatforms) = preSolution
		Debug|Any CPU = Debug|Any CPU
		Release|Any CPU = Release|Any CPU
	EndGlobalSection
	GlobalSection(ProjectConfigurationPlatforms) = postSolution
		{D5A3E5E0-EFF1-4CEF-A053-23B92D925463}.Debug|Any CPU.ActiveCfg = Debug|Any CPU
		{D5A3E5E0-EFF1-4CEF-A053-23B92D925463}.Debug|Any CPU.Build.0 = Debug|Any CPU
		{D5A3E5E0-EFF1-4CEF-A053-23B92D925463}.Release|Any CPU.ActiveCfg = Release|Any CPU
		{D5A3E5E0-EFF1-4CEF-A053-23B92D925463}.Release|Any CPU.Build.0 = Release|Any CPU
	EndGlobalSection
	GlobalSection(SolutionProperties) = preSolution
		HideSolutionNode = FALSE
	EndGlobalSection
	GlobalSection(ExtensibilityGlobals) = postSolution
		SolutionGuid = {3E815B94-D8BF-4F8D-94BE-C4627B0FFFBC}
	EndGlobalSection
EndGlobal
